
Microsoft Visual Studio Solution File, Format Version 12.00
# Visual Studio 2012
Project("{FAE04EC0-301F-11D3-BF4B-00C04F79EFBC}") = "HelloWorldContent", "HelloWorldContent\HelloWorldContent\HelloWorldContent.csproj", "{3701F2D2-3462-4803-9203-A09EA96E34FD}"
EndProject
Project("{96E2B04D-8817-42C6-938A-82C39BA4D311}") = "HelloWorldContentContent", "HelloWorldContent\HelloWorldContentContent\HelloWorldContentContent.contentproj", "{1F62DB65-63A2-4D5D-A21B-B9F33EDB0BCD}"
EndProject
Global
	GlobalSection(SolutionConfigurationPlatforms) = preSolution
		Debug|x86 = Debug|x86
		Release|x86 = Release|x86
	EndGlobalSection
	GlobalSection(ProjectConfigurationPlatforms) = postSolution
		{3701F2D2-3462-4803-9203-A09EA96E34FD}.Debug|x86.ActiveCfg = Debug|x86
		{3701F2D2-3462-4803-9203-A09EA96E34FD}.Debug|x86.Build.0 = Debug|x86
		{3701F2D2-3462-4803-9203-A09EA96E34FD}.Release|x86.ActiveCfg = Release|x86
		{3701F2D2-3462-4803-9203-A09EA96E34FD}.Release|x86.Build.0 = Release|x86
		{1F62DB65-63A2-4D5D-A21B-B9F33EDB0BCD}.Debug|x86.ActiveCfg = Debug|x86
		{1F62DB65-63A2-4D5D-A21B-B9F33EDB0BCD}.Release|x86.ActiveCfg = Release|x86
	EndGlobalSection
	GlobalSection(SolutionProperties) = preSolution
		HideSolutionNode = FALSE
	EndGlobalSection
EndGlobal
