
Microsoft Visual Studio Solution File, Format Version 12.00
# Visual Studio 2012
Project("{FAE04EC0-301F-11D3-BF4B-00C04F79EFBC}") = "TestOpenGLGame", "TestOpenGLGame\TestOpenGLGame.csproj", "{73761FFA-5D5D-41E0-8AC0-68D9524E5155}"
EndProject
Project("{FAE04EC0-301F-11D3-BF4B-00C04F79EFBC}") = "TestOpenGLContentProject", "TestOpenGLContentProject\TestOpenGLContentProject\TestOpenGLContentProject.csproj", "{CB71FF99-4A6C-4481-AD21-5EC040BB249E}"
EndProject
Project("{96E2B04D-8817-42C6-938A-82C39BA4D311}") = "TestOpenGLContentProjectContent", "TestOpenGLContentProject\TestOpenGLContentProjectContent\TestOpenGLContentProjectContent.contentproj", "{CD42DC26-A3D4-4197-A04F-833A4DAE06E0}"
EndProject
Global
	GlobalSection(SolutionConfigurationPlatforms) = preSolution
		Android|Any CPU = Android|Any CPU
		Android|Mixed Platforms = Android|Mixed Platforms
		Android|x86 = Android|x86
		Debug|Any CPU = Debug|Any CPU
		Debug|Mixed Platforms = Debug|Mixed Platforms
		Debug|x86 = Debug|x86
		iOS|Any CPU = iOS|Any CPU
		iOS|Mixed Platforms = iOS|Mixed Platforms
		iOS|x86 = iOS|x86
		Linux|Any CPU = Linux|Any CPU
		Linux|Mixed Platforms = Linux|Mixed Platforms
		Linux|x86 = Linux|x86
		OSX|Any CPU = OSX|Any CPU
		OSX|Mixed Platforms = OSX|Mixed Platforms
		OSX|x86 = OSX|x86
		PSM|Any CPU = PSM|Any CPU
		PSM|Mixed Platforms = PSM|Mixed Platforms
		PSM|x86 = PSM|x86
		Release|Any CPU = Release|Any CPU
		Release|Mixed Platforms = Release|Mixed Platforms
		Release|x86 = Release|x86
		Windows|Any CPU = Windows|Any CPU
		Windows|Mixed Platforms = Windows|Mixed Platforms
		Windows|x86 = Windows|x86
		Windows8|Any CPU = Windows8|Any CPU
		Windows8|Mixed Platforms = Windows8|Mixed Platforms
		Windows8|x86 = Windows8|x86
	EndGlobalSection
	GlobalSection(ProjectConfigurationPlatforms) = postSolution
		{73761FFA-5D5D-41E0-8AC0-68D9524E5155}.Android|Any CPU.ActiveCfg = Release|x86
		{73761FFA-5D5D-41E0-8AC0-68D9524E5155}.Android|Mixed Platforms.ActiveCfg = Release|x86
		{73761FFA-5D5D-41E0-8AC0-68D9524E5155}.Android|Mixed Platforms.Build.0 = Release|x86
		{73761FFA-5D5D-41E0-8AC0-68D9524E5155}.Android|x86.ActiveCfg = Release|x86
		{73761FFA-5D5D-41E0-8AC0-68D9524E5155}.Android|x86.Build.0 = Release|x86
		{73761FFA-5D5D-41E0-8AC0-68D9524E5155}.Debug|Any CPU.ActiveCfg = Debug|x86
		{73761FFA-5D5D-41E0-8AC0-68D9524E5155}.Debug|Mixed Platforms.ActiveCfg = Debug|x86
		{73761FFA-5D5D-41E0-8AC0-68D9524E5155}.Debug|Mixed Platforms.Build.0 = Debug|x86
		{73761FFA-5D5D-41E0-8AC0-68D9524E5155}.Debug|x86.ActiveCfg = Debug|x86
		{73761FFA-5D5D-41E0-8AC0-68D9524E5155}.Debug|x86.Build.0 = Debug|x86
		{73761FFA-5D5D-41E0-8AC0-68D9524E5155}.iOS|Any CPU.ActiveCfg = Release|x86
		{73761FFA-5D5D-41E0-8AC0-68D9524E5155}.iOS|Mixed Platforms.ActiveCfg = Release|x86
		{73761FFA-5D5D-41E0-8AC0-68D9524E5155}.iOS|Mixed Platforms.Build.0 = Release|x86
		{73761FFA-5D5D-41E0-8AC0-68D9524E5155}.iOS|x86.ActiveCfg = Release|x86
		{73761FFA-5D5D-41E0-8AC0-68D9524E5155}.iOS|x86.Build.0 = Release|x86
		{73761FFA-5D5D-41E0-8AC0-68D9524E5155}.Linux|Any CPU.ActiveCfg = Release|x86
		{73761FFA-5D5D-41E0-8AC0-68D9524E5155}.Linux|Mixed Platforms.ActiveCfg = Release|x86
		{73761FFA-5D5D-41E0-8AC0-68D9524E5155}.Linux|Mixed Platforms.Build.0 = Release|x86
		{73761FFA-5D5D-41E0-8AC0-68D9524E5155}.Linux|x86.ActiveCfg = Release|x86
		{73761FFA-5D5D-41E0-8AC0-68D9524E5155}.Linux|x86.Build.0 = Release|x86
		{73761FFA-5D5D-41E0-8AC0-68D9524E5155}.OSX|Any CPU.ActiveCfg = Release|x86
		{73761FFA-5D5D-41E0-8AC0-68D9524E5155}.OSX|Mixed Platforms.ActiveCfg = Release|x86
		{73761FFA-5D5D-41E0-8AC0-68D9524E5155}.OSX|Mixed Platforms.Build.0 = Release|x86
		{73761FFA-5D5D-41E0-8AC0-68D9524E5155}.OSX|x86.ActiveCfg = Release|x86
		{73761FFA-5D5D-41E0-8AC0-68D9524E5155}.OSX|x86.Build.0 = Release|x86
		{73761FFA-5D5D-41E0-8AC0-68D9524E5155}.PSM|Any CPU.ActiveCfg = Release|x86
		{73761FFA-5D5D-41E0-8AC0-68D9524E5155}.PSM|Mixed Platforms.ActiveCfg = Release|x86
		{73761FFA-5D5D-41E0-8AC0-68D9524E5155}.PSM|Mixed Platforms.Build.0 = Release|x86
		{73761FFA-5D5D-41E0-8AC0-68D9524E5155}.PSM|x86.ActiveCfg = Release|x86
		{73761FFA-5D5D-41E0-8AC0-68D9524E5155}.PSM|x86.Build.0 = Release|x86
		{73761FFA-5D5D-41E0-8AC0-68D9524E5155}.Release|Any CPU.ActiveCfg = Release|x86
		{73761FFA-5D5D-41E0-8AC0-68D9524E5155}.Release|Mixed Platforms.ActiveCfg = Release|x86
		{73761FFA-5D5D-41E0-8AC0-68D9524E5155}.Release|Mixed Platforms.Build.0 = Release|x86
		{73761FFA-5D5D-41E0-8AC0-68D9524E5155}.Release|x86.ActiveCfg = Release|x86
		{73761FFA-5D5D-41E0-8AC0-68D9524E5155}.Release|x86.Build.0 = Release|x86
		{73761FFA-5D5D-41E0-8AC0-68D9524E5155}.Windows|Any CPU.ActiveCfg = Release|x86
		{73761FFA-5D5D-41E0-8AC0-68D9524E5155}.Windows|Mixed Platforms.ActiveCfg = Release|x86
		{73761FFA-5D5D-41E0-8AC0-68D9524E5155}.Windows|Mixed Platforms.Build.0 = Release|x86
		{73761FFA-5D5D-41E0-8AC0-68D9524E5155}.Windows|x86.ActiveCfg = Release|x86
		{73761FFA-5D5D-41E0-8AC0-68D9524E5155}.Windows|x86.Build.0 = Release|x86
		{73761FFA-5D5D-41E0-8AC0-68D9524E5155}.Windows8|Any CPU.ActiveCfg = Release|x86
		{73761FFA-5D5D-41E0-8AC0-68D9524E5155}.Windows8|Mixed Platforms.ActiveCfg = Release|x86
		{73761FFA-5D5D-41E0-8AC0-68D9524E5155}.Windows8|Mixed Platforms.Build.0 = Release|x86
		{73761FFA-5D5D-41E0-8AC0-68D9524E5155}.Windows8|x86.ActiveCfg = Release|x86
		{73761FFA-5D5D-41E0-8AC0-68D9524E5155}.Windows8|x86.Build.0 = Release|x86
		{CB71FF99-4A6C-4481-AD21-5EC040BB249E}.Android|Any CPU.ActiveCfg = Android|Any CPU
		{CB71FF99-4A6C-4481-AD21-5EC040BB249E}.Android|Any CPU.Build.0 = Android|Any CPU
		{CB71FF99-4A6C-4481-AD21-5EC040BB249E}.Android|Mixed Platforms.ActiveCfg = Android|Any CPU
		{CB71FF99-4A6C-4481-AD21-5EC040BB249E}.Android|Mixed Platforms.Build.0 = Android|Any CPU
		{CB71FF99-4A6C-4481-AD21-5EC040BB249E}.Android|x86.ActiveCfg = Android|Any CPU
		{CB71FF99-4A6C-4481-AD21-5EC040BB249E}.Debug|Any CPU.ActiveCfg = PSM|Any CPU
		{CB71FF99-4A6C-4481-AD21-5EC040BB249E}.Debug|Any CPU.Build.0 = PSM|Any CPU
		{CB71FF99-4A6C-4481-AD21-5EC040BB249E}.Debug|Mixed Platforms.ActiveCfg = PSM|Any CPU
		{CB71FF99-4A6C-4481-AD21-5EC040BB249E}.Debug|Mixed Platforms.Build.0 = PSM|Any CPU
		{CB71FF99-4A6C-4481-AD21-5EC040BB249E}.Debug|x86.ActiveCfg = PSM|Any CPU
		{CB71FF99-4A6C-4481-AD21-5EC040BB249E}.iOS|Any CPU.ActiveCfg = iOS|Any CPU
		{CB71FF99-4A6C-4481-AD21-5EC040BB249E}.iOS|Any CPU.Build.0 = iOS|Any CPU
		{CB71FF99-4A6C-4481-AD21-5EC040BB249E}.iOS|Mixed Platforms.ActiveCfg = iOS|Any CPU
		{CB71FF99-4A6C-4481-AD21-5EC040BB249E}.iOS|Mixed Platforms.Build.0 = iOS|Any CPU
		{CB71FF99-4A6C-4481-AD21-5EC040BB249E}.iOS|x86.ActiveCfg = iOS|Any CPU
		{CB71FF99-4A6C-4481-AD21-5EC040BB249E}.Linux|Any CPU.ActiveCfg = Linux|Any CPU
		{CB71FF99-4A6C-4481-AD21-5EC040BB249E}.Linux|Any CPU.Build.0 = Linux|Any CPU
		{CB71FF99-4A6C-4481-AD21-5EC040BB249E}.Linux|Mixed Platforms.ActiveCfg = Linux|Any CPU
		{CB71FF99-4A6C-4481-AD21-5EC040BB249E}.Linux|Mixed Platforms.Build.0 = Linux|Any CPU
		{CB71FF99-4A6C-4481-AD21-5EC040BB249E}.Linux|x86.ActiveCfg = Linux|Any CPU
		{CB71FF99-4A6C-4481-AD21-5EC040BB249E}.OSX|Any CPU.ActiveCfg = OSX|Any CPU
		{CB71FF99-4A6C-4481-AD21-5EC040BB249E}.OSX|Any CPU.Build.0 = OSX|Any CPU
		{CB71FF99-4A6C-4481-AD21-5EC040BB249E}.OSX|Mixed Platforms.ActiveCfg = OSX|Any CPU
		{CB71FF99-4A6C-4481-AD21-5EC040BB249E}.OSX|Mixed Platforms.Build.0 = OSX|Any CPU
		{CB71FF99-4A6C-4481-AD21-5EC040BB249E}.OSX|x86.ActiveCfg = OSX|Any CPU
		{CB71FF99-4A6C-4481-AD21-5EC040BB249E}.PSM|Any CPU.ActiveCfg = PSM|Any CPU
		{CB71FF99-4A6C-4481-AD21-5EC040BB249E}.PSM|Any CPU.Build.0 = PSM|Any CPU
		{CB71FF99-4A6C-4481-AD21-5EC040BB249E}.PSM|Mixed Platforms.ActiveCfg = PSM|Any CPU
		{CB71FF99-4A6C-4481-AD21-5EC040BB249E}.PSM|Mixed Platforms.Build.0 = PSM|Any CPU
		{CB71FF99-4A6C-4481-AD21-5EC040BB249E}.PSM|x86.ActiveCfg = PSM|Any CPU
		{CB71FF99-4A6C-4481-AD21-5EC040BB249E}.Release|Any CPU.ActiveCfg = PSM|Any CPU
		{CB71FF99-4A6C-4481-AD21-5EC040BB249E}.Release|Any CPU.Build.0 = PSM|Any CPU
		{CB71FF99-4A6C-4481-AD21-5EC040BB249E}.Release|Mixed Platforms.ActiveCfg = PSM|Any CPU
		{CB71FF99-4A6C-4481-AD21-5EC040BB249E}.Release|Mixed Platforms.Build.0 = PSM|Any CPU
		{CB71FF99-4A6C-4481-AD21-5EC040BB249E}.Release|x86.ActiveCfg = PSM|Any CPU
		{CB71FF99-4A6C-4481-AD21-5EC040BB249E}.Windows|Any CPU.ActiveCfg = Windows|Any CPU
		{CB71FF99-4A6C-4481-AD21-5EC040BB249E}.Windows|Any CPU.Build.0 = Windows|Any CPU
		{CB71FF99-4A6C-4481-AD21-5EC040BB249E}.Windows|Mixed Platforms.ActiveCfg = Windows|Any CPU
		{CB71FF99-4A6C-4481-AD21-5EC040BB249E}.Windows|Mixed Platforms.Build.0 = Windows|Any CPU
		{CB71FF99-4A6C-4481-AD21-5EC040BB249E}.Windows|x86.ActiveCfg = Windows|Any CPU
		{CB71FF99-4A6C-4481-AD21-5EC040BB249E}.Windows8|Any CPU.ActiveCfg = Windows8|Any CPU
		{CB71FF99-4A6C-4481-AD21-5EC040BB249E}.Windows8|Any CPU.Build.0 = Windows8|Any CPU
		{CB71FF99-4A6C-4481-AD21-5EC040BB249E}.Windows8|Mixed Platforms.ActiveCfg = Windows8|Any CPU
		{CB71FF99-4A6C-4481-AD21-5EC040BB249E}.Windows8|Mixed Platforms.Build.0 = Windows8|Any CPU
		{CB71FF99-4A6C-4481-AD21-5EC040BB249E}.Windows8|x86.ActiveCfg = Windows8|Any CPU
		{CD42DC26-A3D4-4197-A04F-833A4DAE06E0}.Android|Any CPU.ActiveCfg = Android|Any CPU
		{CD42DC26-A3D4-4197-A04F-833A4DAE06E0}.Android|Mixed Platforms.ActiveCfg = Android|Any CPU
		{CD42DC26-A3D4-4197-A04F-833A4DAE06E0}.Android|x86.ActiveCfg = Android|Any CPU
		{CD42DC26-A3D4-4197-A04F-833A4DAE06E0}.Debug|Any CPU.ActiveCfg = PSM|Any CPU
		{CD42DC26-A3D4-4197-A04F-833A4DAE06E0}.Debug|Mixed Platforms.ActiveCfg = PSM|Any CPU
		{CD42DC26-A3D4-4197-A04F-833A4DAE06E0}.Debug|x86.ActiveCfg = PSM|Any CPU
		{CD42DC26-A3D4-4197-A04F-833A4DAE06E0}.iOS|Any CPU.ActiveCfg = iOS|Any CPU
		{CD42DC26-A3D4-4197-A04F-833A4DAE06E0}.iOS|Mixed Platforms.ActiveCfg = iOS|Any CPU
		{CD42DC26-A3D4-4197-A04F-833A4DAE06E0}.iOS|x86.ActiveCfg = iOS|Any CPU
		{CD42DC26-A3D4-4197-A04F-833A4DAE06E0}.Linux|Any CPU.ActiveCfg = Linux|Any CPU
		{CD42DC26-A3D4-4197-A04F-833A4DAE06E0}.Linux|Mixed Platforms.ActiveCfg = Linux|Any CPU
		{CD42DC26-A3D4-4197-A04F-833A4DAE06E0}.Linux|x86.ActiveCfg = Linux|Any CPU
		{CD42DC26-A3D4-4197-A04F-833A4DAE06E0}.OSX|Any CPU.ActiveCfg = OSX|Any CPU
		{CD42DC26-A3D4-4197-A04F-833A4DAE06E0}.OSX|Mixed Platforms.ActiveCfg = OSX|Any CPU
		{CD42DC26-A3D4-4197-A04F-833A4DAE06E0}.OSX|x86.ActiveCfg = OSX|Any CPU
		{CD42DC26-A3D4-4197-A04F-833A4DAE06E0}.PSM|Any CPU.ActiveCfg = PSM|Any CPU
		{CD42DC26-A3D4-4197-A04F-833A4DAE06E0}.PSM|Mixed Platforms.ActiveCfg = PSM|Any CPU
		{CD42DC26-A3D4-4197-A04F-833A4DAE06E0}.PSM|x86.ActiveCfg = PSM|Any CPU
		{CD42DC26-A3D4-4197-A04F-833A4DAE06E0}.Release|Any CPU.ActiveCfg = PSM|Any CPU
		{CD42DC26-A3D4-4197-A04F-833A4DAE06E0}.Release|Mixed Platforms.ActiveCfg = PSM|Any CPU
		{CD42DC26-A3D4-4197-A04F-833A4DAE06E0}.Release|x86.ActiveCfg = PSM|Any CPU
		{CD42DC26-A3D4-4197-A04F-833A4DAE06E0}.Windows|Any CPU.ActiveCfg = Windows|Any CPU
		{CD42DC26-A3D4-4197-A04F-833A4DAE06E0}.Windows|Mixed Platforms.ActiveCfg = Windows|Any CPU
		{CD42DC26-A3D4-4197-A04F-833A4DAE06E0}.Windows|x86.ActiveCfg = Windows|Any CPU
		{CD42DC26-A3D4-4197-A04F-833A4DAE06E0}.Windows8|Any CPU.ActiveCfg = Windows8|Any CPU
		{CD42DC26-A3D4-4197-A04F-833A4DAE06E0}.Windows8|Mixed Platforms.ActiveCfg = Windows8|Any CPU
		{CD42DC26-A3D4-4197-A04F-833A4DAE06E0}.Windows8|x86.ActiveCfg = Windows8|Any CPU
	EndGlobalSection
	GlobalSection(SolutionProperties) = preSolution
		HideSolutionNode = FALSE
	EndGlobalSection
EndGlobal
